# THIS IS AN AUTOGENERATED FILE. DO NOT EDIT THIS FILE DIRECTLY.
# yarn lockfile v1
"@angular/common@^2.4.1":
  version "2.4.1"
  resolved "https://registry.yarnpkg.com/@angular/common/-/common-2.4.1.tgz#a70167430574959c3423ac96ebdec98032d3500d"

"@angular/compiler-cli@^2.4.1":
  version "2.4.1"
  resolved "https://registry.yarnpkg.com/@angular/compiler-cli/-/compiler-cli-2.4.1.tgz#9291504197a199fee2f48353d67431a1a9e40833"
  dependencies:
    "@angular/tsc-wrapped" "0.5.0"
    minimist "^1.2.0"
    reflect-metadata "^0.1.2"

"@angular/compiler@^2.4.1":
  version "2.4.1"
  resolved "https://registry.yarnpkg.com/@angular/compiler/-/compiler-2.4.1.tgz#62b4fbfc53c934bd5def78db594cbf245b3f446a"

"@angular/core@^2.4.1":
  version "2.4.1"
  resolved "https://registry.yarnpkg.com/@angular/core/-/core-2.4.1.tgz#3a6d2dc7fd86fdebe4febae7eb28abad7d04c76a"

"@angular/platform-browser@^2.4.1":
  version "2.4.1"
  resolved "https://registry.yarnpkg.com/@angular/platform-browser/-/platform-browser-2.4.1.tgz#4eaa829b450be34f0029796b6c3b99e27d3d5740"

"@angular/platform-server@^2.4.1":
  version "2.4.1"
  resolved "https://registry.yarnpkg.com/@angular/platform-server/-/platform-server-2.4.1.tgz#9e5e427b8226d1a073949effea00a4df352682de"
  dependencies:
    parse5 "^2.2.1"

"@angular/tsc-wrapped@0.5.0":
  version "0.5.0"
  resolved "https://registry.yarnpkg.com/@angular/tsc-wrapped/-/tsc-wrapped-0.5.0.tgz#e50f81af02c6817dcaba22032e49ba8060d628b4"
  dependencies:
    tsickle "^0.2"

"@types/jasmine@2.2.30":
  version "2.2.30"
  resolved "https://registry.yarnpkg.com/@types/jasmine/-/jasmine-2.2.30.tgz#754be39255479731ad841478bd29772d71cf5996"

"@types/node@6.0.54":
  version "6.0.54"
  resolved "https://registry.yarnpkg.com/@types/node/-/node-6.0.54.tgz#65859962ba988052cbdd5c48881395acfdd46931"

balanced-match@^0.4.1:
  version "0.4.2"
  resolved "https://registry.yarnpkg.com/balanced-match/-/balanced-match-0.4.2.tgz#cb3f3e3c732dc0f01ee70b403f302e61d7709838"

brace-expansion@^1.0.0:
  version "1.1.6"
  resolved "https://registry.yarnpkg.com/brace-expansion/-/brace-expansion-1.1.6.tgz#7197d7eaa9b87e648390ea61fc66c84427420df9"
  dependencies:
    balanced-match "^0.4.1"
    concat-map "0.0.1"

concat-map@0.0.1:
  version "0.0.1"
  resolved "https://registry.yarnpkg.com/concat-map/-/concat-map-0.0.1.tgz#d8a96bd77fd68df7793a73036a3ba0d5405d477b"

core-js@2.4.1:
  version "2.4.1"
  resolved "https://registry.yarnpkg.com/core-js/-/core-js-2.4.1.tgz#4de911e667b0eae9124e34254b53aea6fc618d3e"

fs.realpath@^1.0.0:
  version "1.0.0"
  resolved "https://registry.yarnpkg.com/fs.realpath/-/fs.realpath-1.0.0.tgz#1504ad2523158caa40db4a2787cb01411994ea4f"

glob@^7.0.5:
  version "7.1.1"
  resolved "https://registry.yarnpkg.com/glob/-/glob-7.1.1.tgz#805211df04faaf1c63a3600306cdf5ade50b2ec8"
  dependencies:
    fs.realpath "^1.0.0"
    inflight "^1.0.4"
    inherits "2"
    minimatch "^3.0.2"
    once "^1.3.0"
    path-is-absolute "^1.0.0"

inflight@^1.0.4:
  version "1.0.6"
  resolved "https://registry.yarnpkg.com/inflight/-/inflight-1.0.6.tgz#49bd6331d7d02d0c09bc910a1075ba8165b56df9"
  dependencies:
    once "^1.3.0"
    wrappy "1"

inherits@2:
  version "2.0.3"
  resolved "https://registry.yarnpkg.com/inherits/-/inherits-2.0.3.tgz#633c2c83e3da42a502f52466022480f4208261de"

minimatch@^3.0.2:
  version "3.0.3"
  resolved "https://registry.yarnpkg.com/minimatch/-/minimatch-3.0.3.tgz#2a4e4090b96b2db06a9d7df01055a62a77c9b774"
  dependencies:
    brace-expansion "^1.0.0"

minimist@^1.2.0:
  version "1.2.0"
  resolved "https://registry.yarnpkg.com/minimist/-/minimist-1.2.0.tgz#a35008b20f41383eec1fb914f4cd5df79a264284"

minimist@0.0.8:
  version "0.0.8"
  resolved "https://registry.yarnpkg.com/minimist/-/minimist-0.0.8.tgz#857fcabfc3397d2625b8228262e86aa7a011b05d"

mkdirp@^0.5.1:
  version "0.5.1"
  resolved "https://registry.yarnpkg.com/mkdirp/-/mkdirp-0.5.1.tgz#30057438eac6cf7f8c4767f38648d6697d75c903"
  dependencies:
    minimist "0.0.8"

once@^1.3.0:
  version "1.4.0"
  resolved "https://registry.yarnpkg.com/once/-/once-1.4.0.tgz#583b1aa775961d4b113ac17d9c50baef9dd76bd1"
  dependencies:
    wrappy "1"

parse5@^2.2.1:
  version "2.2.3"
  resolved "https://registry.yarnpkg.com/parse5/-/parse5-2.2.3.tgz#0c4fc41c1000c5e6b93d48b03f8083837834e9f6"

path-is-absolute@^1.0.0:
  version "1.0.1"
  resolved "https://registry.yarnpkg.com/path-is-absolute/-/path-is-absolute-1.0.1.tgz#174b9268735534ffbc7ace6bf53a5a9e1b5c5f5f"

reflect-metadata@^0.1.2:
  version "0.1.9"
  resolved "https://registry.yarnpkg.com/reflect-metadata/-/reflect-metadata-0.1.9.tgz#987238dc87a516895fe457f130435ffbd763a4d4"

rimraf@^2.5.4:
  version "2.5.4"
  resolved "https://registry.yarnpkg.com/rimraf/-/rimraf-2.5.4.tgz#96800093cbf1a0c86bd95b4625467535c29dfa04"
  dependencies:
    glob "^7.0.5"

rxjs@5.0.2:
  version "5.0.2"
  resolved "https://registry.yarnpkg.com/rxjs/-/rxjs-5.0.2.tgz#cc6513756daa93cab4085c1b5a19a3e28fb6c6bf"
  dependencies:
    symbol-observable "^1.0.1"

source-map-support@^0.4.2:
  version "0.4.8"
  resolved "https://registry.yarnpkg.com/source-map-support/-/source-map-support-0.4.8.tgz#4871918d8a3af07289182e974e32844327b2e98b"
  dependencies:
    source-map "^0.5.3"

source-map@^0.5.3, source-map@^0.5.6:
  version "0.5.6"
  resolved "https://registry.yarnpkg.com/source-map/-/source-map-0.5.6.tgz#75ce38f52bf0733c5a7f0c118d81334a2bb5f412"

symbol-observable@^1.0.1:
  version "1.0.4"
  resolved "https://registry.yarnpkg.com/symbol-observable/-/symbol-observable-1.0.4.tgz#29bf615d4aa7121bdd898b22d4b3f9bc4e2aa03d"

tsickle@^0.2:
  version "0.2.3"
  resolved "https://registry.yarnpkg.com/tsickle/-/tsickle-0.2.3.tgz#3e7d3ff74bbecdadc011cfd747f991dcfd6503af"
  dependencies:
    minimist "^1.2.0"
    mkdirp "^0.5.1"
    source-map "^0.5.6"
    source-map-support "^0.4.2"

typescript@2.0.10:
  version "2.0.10"
  resolved "https://registry.yarnpkg.com/typescript/-/typescript-2.0.10.tgz#ccdd4ed86fd5550a407101a0814012e1b3fac3dd"

wrappy@1:
  version "1.0.2"
  resolved "https://registry.yarnpkg.com/wrappy/-/wrappy-1.0.2.tgz#b5243d8f3ec1aa35f1364605bc0d1036e30ab69f"

zone.js@0.7.4:
  version "0.7.4"
  resolved "https://registry.yarnpkg.com/zone.js/-/zone.js-0.7.4.tgz#0e624fe5b724450ee433495deff15c02b3908ee0"

